
Microsoft Visual Studio Solution File, Format Version 12.00
# Visual Studio 15
VisualStudioVersion = 15.0.28010.2046
MinimumVisualStudioVersion = 10.0.40219.1
Project("{8BC9CEB8-8B4A-11D0-8D11-00A0C91BC942}") = "Chess", "Chess\Chess.vcxproj", "{7E0CA0B5-09DE-43F4-9906-4845B1748112}"
EndProject
Global
	GlobalSection(SolutionConfigurationPlatforms) = preSolution
		Debug|ARM = Debug|ARM
		Debug|x64 = Debug|x64
		Debug|x86 = Debug|x86
		Release|ARM = Release|ARM
		Release|x64 = Release|x64
		Release|x86 = Release|x86
	EndGlobalSection
	GlobalSection(ProjectConfigurationPlatforms) = postSolution
		{7E0CA0B5-09DE-43F4-9906-4845B1748112}.Debug|ARM.ActiveCfg = Debug|ARM
		{7E0CA0B5-09DE-43F4-9906-4845B1748112}.Debug|ARM.Build.0 = Debug|ARM
		{7E0CA0B5-09DE-43F4-9906-4845B1748112}.Debug|ARM.Deploy.0 = Debug|ARM
		{7E0CA0B5-09DE-43F4-9906-4845B1748112}.Debug|x64.ActiveCfg = Debug|x64
		{7E0CA0B5-09DE-43F4-9906-4845B1748112}.Debug|x64.Build.0 = Debug|x64
		{7E0CA0B5-09DE-43F4-9906-4845B1748112}.Debug|x64.Deploy.0 = Debug|x64
		{7E0CA0B5-09DE-43F4-9906-4845B1748112}.Debug|x86.ActiveCfg = Debug|Win32
		{7E0CA0B5-09DE-43F4-9906-4845B1748112}.Debug|x86.Build.0 = Debug|Win32
		{7E0CA0B5-09DE-43F4-9906-4845B1748112}.Debug|x86.Deploy.0 = Debug|Win32
		{7E0CA0B5-09DE-43F4-9906-4845B1748112}.Release|ARM.ActiveCfg = Release|ARM
		{7E0CA0B5-09DE-43F4-9906-4845B1748112}.Release|ARM.Build.0 = Release|ARM
		{7E0CA0B5-09DE-43F4-9906-4845B1748112}.Release|ARM.Deploy.0 = Release|ARM
		{7E0CA0B5-09DE-43F4-9906-4845B1748112}.Release|x64.ActiveCfg = Release|x64
		{7E0CA0B5-09DE-43F4-9906-4845B1748112}.Release|x64.Build.0 = Release|x64
		{7E0CA0B5-09DE-43F4-9906-4845B1748112}.Release|x64.Deploy.0 = Release|x64
		{7E0CA0B5-09DE-43F4-9906-4845B1748112}.Release|x86.ActiveCfg = Release|Win32
		{7E0CA0B5-09DE-43F4-9906-4845B1748112}.Release|x86.Build.0 = Release|Win32
		{7E0CA0B5-09DE-43F4-9906-4845B1748112}.Release|x86.Deploy.0 = Release|Win32
	EndGlobalSection
	GlobalSection(SolutionProperties) = preSolution
		HideSolutionNode = FALSE
	EndGlobalSection
	GlobalSection(ExtensibilityGlobals) = postSolution
		SolutionGuid = {FFD715BD-7684-4FE3-AE6B-A39873352198}
	EndGlobalSection
EndGlobal
