<?xml version="1.0" encoding="utf-8"?>
<Project ToolsVersion="15.0" xmlns="http://schemas.microsoft.com/developer/msbuild/2003">
  <ItemGroup>
    <Filter Include="Common">
      <UniqueIdentifier>7e0ca0b5-09de-43f4-9906-4845b1748112</UniqueIdentifier>
    </Filter>
    <Filter Include="Assets">
      <UniqueIdentifier>607c38b1-79fa-4560-a8ff-bdd31e9fb1a3</UniqueIdentifier>
      <Extensions>bmp;fbx;gif;jpg;jpeg;tga;tiff;tif;png</Extensions>
    </Filter>
  </ItemGroup>
  <ItemGroup>
    <ApplicationDefinition Include="App.xaml" />
  </ItemGroup>
  <ItemGroup>
    <ClCompile Include="App.xaml.cpp" />
    <ClCompile Include="Code\Pages\Start.xaml.cpp" />
    <ClCompile Include="Code\Classes\Timer.cpp" />
    <ClCompile Include="Code\Pages\Game.xaml.cpp" />
    <ClCompile Include="Code\Classes\Board.cpp" />
    <ClCompile Include="Code\Classes\Common.cpp" />
    <ClCompile Include="Code\Classes\Display.cpp" />
    <ClCompile Include="Code\Classes\DisplayGUI.cpp" />
    <ClCompile Include="Code\Classes\Piece.cpp" />
    <ClCompile Include="Code\Classes\PieceBishop.cpp" />
    <ClCompile Include="Code\Classes\PieceKing.cpp" />
    <ClCompile Include="Code\Classes\PieceKnight.cpp" />
    <ClCompile Include="Code\Classes\PiecePawn.cpp" />
    <ClCompile Include="Code\Classes\PieceQueen.cpp" />
    <ClCompile Include="Code\Classes\PieceRook.cpp" />
    <ClCompile Include="Code\AI\BridgeAI.cpp" />
    <ClCompile Include="Code\Namespace\Namespace.h" />
    <ClCompile Include="Code\Pages\Message.xaml.cpp" />
  </ItemGroup>
  <ItemGroup>
    <ClInclude Include="App.xaml.h" />
    <ClInclude Include="pch.h" />
    <ClInclude Include="Code\Pages\Start.xaml.h" />
    <ClInclude Include="Code\Headers\Common.h" />
    <ClInclude Include="Code\Pages\Game.xaml.h" />
    <ClInclude Include="Code\AI\ai.h" />
    <ClInclude Include="Code\Headers\Board.h" />
    <ClInclude Include="Code\Headers\Display.h" />
    <ClInclude Include="Code\Headers\DisplayGUI.h" />
    <ClInclude Include="Code\Headers\main.h" />
    <ClInclude Include="Code\Headers\Piece.h" />
    <ClInclude Include="Code\Headers\PieceBishop.h" />
    <ClInclude Include="Code\Headers\PieceKing.h" />
    <ClInclude Include="Code\Headers\PieceKnight.h" />
    <ClInclude Include="Code\Headers\PiecePawn.h" />
    <ClInclude Include="Code\Headers\PieceQueen.h" />
    <ClInclude Include="Code\Headers\PieceRook.h" />
    <ClInclude Include="Code\Headers\Timer.h" />
    <ClInclude Include="Code\AI\BridgeAI.h" />
    <ClInclude Include="Code\Pages\Message.xaml.h" />
  </ItemGroup>
  <ItemGroup>
    <Image Include="Assets\LockScreenLogo.scale-200.png">
      <Filter>Assets</Filter>
    </Image>
    <Image Include="Assets\SplashScreen.scale-200.png">
      <Filter>Assets</Filter>
    </Image>
    <Image Include="Assets\Square150x150Logo.scale-200.png">
      <Filter>Assets</Filter>
    </Image>
    <Image Include="Assets\Square44x44Logo.scale-200.png">
      <Filter>Assets</Filter>
    </Image>
    <Image Include="Assets\Square44x44Logo.targetsize-24_altform-unplated.png">
      <Filter>Assets</Filter>
    </Image>
    <Image Include="Assets\StoreLogo.png">
      <Filter>Assets</Filter>
    </Image>
    <Image Include="Assets\Wide310x150Logo.scale-200.png">
      <Filter>Assets</Filter>
    </Image>
    <Image Include="Assets\Board_Dark.PNG">
      <Filter>Assets</Filter>
    </Image>
    <Image Include="Assets\Board_Light.PNG">
      <Filter>Assets</Filter>
    </Image>
    <Image Include="Assets\logo.png">
      <Filter>Assets</Filter>
    </Image>
    <Image Include="Assets\Piece.png">
      <Filter>Assets</Filter>
    </Image>
    <Image Include="..\..\..\..\..\..\..\CLASS%3b C++ Programming\Projects\Chess\NEW\Chess\Chess\Chess\Assets\Selected_Click.PNG">
      <Filter>Assets</Filter>
    </Image>
    <Image Include="..\..\..\..\..\..\..\CLASS%3b C++ Programming\Projects\Chess\NEW\Chess\Chess\Chess\Assets\Selected_Hover.PNG">
      <Filter>Assets</Filter>
    </Image>
    <Image Include="..\..\..\..\..\..\..\CLASS%3b C++ Programming\Projects\Chess\NEW\Chess\Chess\Chess\Assets\Selected_Possible.PNG">
      <Filter>Assets</Filter>
    </Image>
    <Image Include="..\..\..\..\..\..\..\CLASS%3b C++ Programming\Projects\Chess\NEW\Chess\Chess\Chess\Assets\Selected_PossibleClick.PNG">
      <Filter>Assets</Filter>
    </Image>
    <Image Include="..\..\..\..\..\..\..\CLASS%3b C++ Programming\Projects\Chess\NEW\Chess\Chess\Chess\Assets\Selected_PossibleHover.PNG">
      <Filter>Assets</Filter>
    </Image>
    <Image Include="..\..\..\..\..\..\..\CLASS%3b C++ Programming\Projects\Chess\NEW\Chess\Chess\Chess\Assets\Piece_Black_Bishop.png">
      <Filter>Assets</Filter>
    </Image>
    <Image Include="..\..\..\..\..\..\..\CLASS%3b C++ Programming\Projects\Chess\NEW\Chess\Chess\Chess\Assets\Piece_Black_King.png">
      <Filter>Assets</Filter>
    </Image>
    <Image Include="..\..\..\..\..\..\..\CLASS%3b C++ Programming\Projects\Chess\NEW\Chess\Chess\Chess\Assets\Piece_Black_Knight.png">
      <Filter>Assets</Filter>
    </Image>
    <Image Include="..\..\..\..\..\..\..\CLASS%3b C++ Programming\Projects\Chess\NEW\Chess\Chess\Chess\Assets\Piece_Black_Pawn.png">
      <Filter>Assets</Filter>
    </Image>
    <Image Include="..\..\..\..\..\..\..\CLASS%3b C++ Programming\Projects\Chess\NEW\Chess\Chess\Chess\Assets\Piece_Black_Queen.png">
      <Filter>Assets</Filter>
    </Image>
    <Image Include="..\..\..\..\..\..\..\CLASS%3b C++ Programming\Projects\Chess\NEW\Chess\Chess\Chess\Assets\Piece_Black_Rook.png">
      <Filter>Assets</Filter>
    </Image>
    <Image Include="..\..\..\..\..\..\..\CLASS%3b C++ Programming\Projects\Chess\NEW\Chess\Chess\Chess\Assets\Piece_White_Bishop.png">
      <Filter>Assets</Filter>
    </Image>
    <Image Include="..\..\..\..\..\..\..\CLASS%3b C++ Programming\Projects\Chess\NEW\Chess\Chess\Chess\Assets\Piece_White_King.png">
      <Filter>Assets</Filter>
    </Image>
    <Image Include="..\..\..\..\..\..\..\CLASS%3b C++ Programming\Projects\Chess\NEW\Chess\Chess\Chess\Assets\Piece_White_Knight.png">
      <Filter>Assets</Filter>
    </Image>
    <Image Include="..\..\..\..\..\..\..\CLASS%3b C++ Programming\Projects\Chess\NEW\Chess\Chess\Chess\Assets\Piece_White_Pawn.png">
      <Filter>Assets</Filter>
    </Image>
    <Image Include="..\..\..\..\..\..\..\CLASS%3b C++ Programming\Projects\Chess\NEW\Chess\Chess\Chess\Assets\Piece_White_Queen.png">
      <Filter>Assets</Filter>
    </Image>
    <Image Include="..\..\..\..\..\..\..\CLASS%3b C++ Programming\Projects\Chess\NEW\Chess\Chess\Chess\Assets\Piece_White_Rook.png">
      <Filter>Assets</Filter>
    </Image>
  </ItemGroup>
  <ItemGroup>
    <AppxManifest Include="Package.appxmanifest" />
  </ItemGroup>
  <ItemGroup>
    <Page Include="Code\Pages\Game.xaml" />
    <Page Include="Code\Pages\Start.xaml" />
    <Page Include="Code\Pages\Message.xaml" />
    <Page Include="..\..\..\..\..\..\..\CLASS%3b C++ Programming\Projects\Chess\NEW\Chess\Chess\Chess\Code\Objects\BoardOutline.xaml" />
    <Page Include="..\..\..\..\..\..\..\CLASS%3b C++ Programming\Projects\Chess\NEW\Chess\Chess\Chess\Code\Objects\BoardSpace.xaml" />
    <Page Include="..\..\..\..\..\..\..\CLASS%3b C++ Programming\Projects\Chess\NEW\Chess\Chess\Chess\Code\Objects\Piece.xaml" />
    <Page Include="..\..\..\..\..\..\..\CLASS%3b C++ Programming\Projects\Chess\NEW\Chess\Chess\Chess\Code\Objects\PieceBishop.xaml" />
    <Page Include="..\..\..\..\..\..\..\CLASS%3b C++ Programming\Projects\Chess\NEW\Chess\Chess\Chess\Code\Objects\PieceKing.xaml" />
    <Page Include="..\..\..\..\..\..\..\CLASS%3b C++ Programming\Projects\Chess\NEW\Chess\Chess\Chess\Code\Objects\PieceKnight.xaml" />
    <Page Include="..\..\..\..\..\..\..\CLASS%3b C++ Programming\Projects\Chess\NEW\Chess\Chess\Chess\Code\Objects\PiecePawn.xaml" />
    <Page Include="..\..\..\..\..\..\..\CLASS%3b C++ Programming\Projects\Chess\NEW\Chess\Chess\Chess\Code\Objects\PieceQueen.xaml" />
    <Page Include="..\..\..\..\..\..\..\CLASS%3b C++ Programming\Projects\Chess\NEW\Chess\Chess\Chess\Code\Objects\PieceRook.xaml" />
  </ItemGroup>
  <ItemGroup>
    <None Include="Assets\logo.xcf" />
  </ItemGroup>
</Project>